
Microsoft Visual Studio Solution File, Format Version 12.00
# Visual Studio Version 18
VisualStudioVersion = 18.0.11123.170
MinimumVisualStudioVersion = 10.0.40219.1
Project("{2150E333-8FDC-42A3-9474-1A3956D46DE8}") = "src", "src", "{1F548A75-B071-49BF-A67A-F9A2499C991F}"
EndProject
Project("{2150E333-8FDC-42A3-9474-1A3956D46DE8}") = "APIs", "APIs", "{3A95092D-0663-4692-966E-F3ABB45F3A73}"
EndProject
Project("{2150E333-8FDC-42A3-9474-1A3956D46DE8}") = "Infrastructure", "Infrastructure", "{7EA00BF5-C483-4FF6-978A-FCA186E8CFAB}"
EndProject
Project("{2150E333-8FDC-42A3-9474-1A3956D46DE8}") = "Core", "Core", "{B5984215-22E0-4F7A-855F-3A3A8299B933}"
EndProject
Project("{FAE04EC0-301F-11D3-BF4B-00C04F79EFBC}") = "Talabat.APIs", "Talabat.APIs\Talabat.APIs.csproj", "{A7642886-DE01-4CA4-9A04-6B1841A2E705}"
EndProject
Project("{FAE04EC0-301F-11D3-BF4B-00C04F79EFBC}") = "Talabat.Domain", "Talabat.Domain\Talabat.Domain.csproj", "{FF6085A7-F15C-43DC-A26C-BE71D73C4F12}"
EndProject
Project("{FAE04EC0-301F-11D3-BF4B-00C04F79EFBC}") = "Talabat.Application", "Talabat.Application\Talabat.Application.csproj", "{E8D1E6AB-8FB6-4859-93B5-713AFB49D554}"
EndProject
Project("{FAE04EC0-301F-11D3-BF4B-00C04F79EFBC}") = "Talabat.Application.Abstraction", "Talabat.Application.Abstraction\Talabat.Application.Abstraction.csproj", "{3F1B3FFE-C03E-47A6-8419-E12726C11308}"
EndProject
Project("{FAE04EC0-301F-11D3-BF4B-00C04F79EFBC}") = "Talabat.Infrastructure", "Talabat.Infrastructure\Talabat.Infrastructure.csproj", "{F9228FC9-ECC3-4759-9E35-9865057F8D3D}"
EndProject
Project("{FAE04EC0-301F-11D3-BF4B-00C04F79EFBC}") = "Talabat.Infrastructure.Persistence", "Talabat.Infrastructure.Persistence\Talabat.Infrastructure.Persistence.csproj", "{E1304C76-063F-4017-AC18-8FFFADF5F00F}"
EndProject
Project("{FAE04EC0-301F-11D3-BF4B-00C04F79EFBC}") = "Talabat.APIs.Controllers", "Talabat.APIs.Controllers\Talabat.APIs.Controllers.csproj", "{9FB03017-7E9E-44B3-B060-0749849F7DBB}"
EndProject
Project("{2150E333-8FDC-42A3-9474-1A3956D46DE8}") = "Shared", "Shared", "{34254ACC-F974-4282-825C-0E8F3B41F9A7}"
EndProject
Project("{FAE04EC0-301F-11D3-BF4B-00C04F79EFBC}") = "Talabat.Shared", "Talabat.Shared\Talabat.Shared.csproj", "{DA1625AC-FD54-487A-86D6-BF995F0E1F92}"
EndProject
Project("{2150E333-8FDC-42A3-9474-1A3956D46DE8}") = "Dashboard", "Dashboard", "{B640E769-95EA-4E04-84DF-BC63BC9F9189}"
EndProject
Project("{FAE04EC0-301F-11D3-BF4B-00C04F79EFBC}") = "AdminPanel", "AdminPanel\AdminPanel.csproj", "{7C64EB1B-BC8B-4A32-9AF7-9FC860E497D3}"
EndProject
Global
	GlobalSection(SolutionConfigurationPlatforms) = preSolution
		Debug|Any CPU = Debug|Any CPU
		Release|Any CPU = Release|Any CPU
	EndGlobalSection
	GlobalSection(ProjectConfigurationPlatforms) = postSolution
		{A7642886-DE01-4CA4-9A04-6B1841A2E705}.Debug|Any CPU.ActiveCfg = Debug|Any CPU
		{A7642886-DE01-4CA4-9A04-6B1841A2E705}.Debug|Any CPU.Build.0 = Debug|Any CPU
		{A7642886-DE01-4CA4-9A04-6B1841A2E705}.Release|Any CPU.ActiveCfg = Release|Any CPU
		{A7642886-DE01-4CA4-9A04-6B1841A2E705}.Release|Any CPU.Build.0 = Release|Any CPU
		{FF6085A7-F15C-43DC-A26C-BE71D73C4F12}.Debug|Any CPU.ActiveCfg = Debug|Any CPU
		{FF6085A7-F15C-43DC-A26C-BE71D73C4F12}.Debug|Any CPU.Build.0 = Debug|Any CPU
		{FF6085A7-F15C-43DC-A26C-BE71D73C4F12}.Release|Any CPU.ActiveCfg = Release|Any CPU
		{FF6085A7-F15C-43DC-A26C-BE71D73C4F12}.Release|Any CPU.Build.0 = Release|Any CPU
		{E8D1E6AB-8FB6-4859-93B5-713AFB49D554}.Debug|Any CPU.ActiveCfg = Debug|Any CPU
		{E8D1E6AB-8FB6-4859-93B5-713AFB49D554}.Debug|Any CPU.Build.0 = Debug|Any CPU
		{E8D1E6AB-8FB6-4859-93B5-713AFB49D554}.Release|Any CPU.ActiveCfg = Release|Any CPU
		{E8D1E6AB-8FB6-4859-93B5-713AFB49D554}.Release|Any CPU.Build.0 = Release|Any CPU
		{3F1B3FFE-C03E-47A6-8419-E12726C11308}.Debug|Any CPU.ActiveCfg = Debug|Any CPU
		{3F1B3FFE-C03E-47A6-8419-E12726C11308}.Debug|Any CPU.Build.0 = Debug|Any CPU
		{3F1B3FFE-C03E-47A6-8419-E12726C11308}.Release|Any CPU.ActiveCfg = Release|Any CPU
		{3F1B3FFE-C03E-47A6-8419-E12726C11308}.Release|Any CPU.Build.0 = Release|Any CPU
		{F9228FC9-ECC3-4759-9E35-9865057F8D3D}.Debug|Any CPU.ActiveCfg = Debug|Any CPU
		{F9228FC9-ECC3-4759-9E35-9865057F8D3D}.Debug|Any CPU.Build.0 = Debug|Any CPU
		{F9228FC9-ECC3-4759-9E35-9865057F8D3D}.Release|Any CPU.ActiveCfg = Release|Any CPU
		{F9228FC9-ECC3-4759-9E35-9865057F8D3D}.Release|Any CPU.Build.0 = Release|Any CPU
		{E1304C76-063F-4017-AC18-8FFFADF5F00F}.Debug|Any CPU.ActiveCfg = Debug|Any CPU
		{E1304C76-063F-4017-AC18-8FFFADF5F00F}.Debug|Any CPU.Build.0 = Debug|Any CPU
		{E1304C76-063F-4017-AC18-8FFFADF5F00F}.Release|Any CPU.ActiveCfg = Release|Any CPU
		{E1304C76-063F-4017-AC18-8FFFADF5F00F}.Release|Any CPU.Build.0 = Release|Any CPU
		{9FB03017-7E9E-44B3-B060-0749849F7DBB}.Debug|Any CPU.ActiveCfg = Debug|Any CPU
		{9FB03017-7E9E-44B3-B060-0749849F7DBB}.Debug|Any CPU.Build.0 = Debug|Any CPU
		{9FB03017-7E9E-44B3-B060-0749849F7DBB}.Release|Any CPU.ActiveCfg = Release|Any CPU
		{9FB03017-7E9E-44B3-B060-0749849F7DBB}.Release|Any CPU.Build.0 = Release|Any CPU
		{DA1625AC-FD54-487A-86D6-BF995F0E1F92}.Debug|Any CPU.ActiveCfg = Debug|Any CPU
		{DA1625AC-FD54-487A-86D6-BF995F0E1F92}.Debug|Any CPU.Build.0 = Debug|Any CPU
		{DA1625AC-FD54-487A-86D6-BF995F0E1F92}.Release|Any CPU.ActiveCfg = Release|Any CPU
		{DA1625AC-FD54-487A-86D6-BF995F0E1F92}.Release|Any CPU.Build.0 = Release|Any CPU
		{7C64EB1B-BC8B-4A32-9AF7-9FC860E497D3}.Debug|Any CPU.ActiveCfg = Debug|Any CPU
		{7C64EB1B-BC8B-4A32-9AF7-9FC860E497D3}.Debug|Any CPU.Build.0 = Debug|Any CPU
		{7C64EB1B-BC8B-4A32-9AF7-9FC860E497D3}.Release|Any CPU.ActiveCfg = Release|Any CPU
		{7C64EB1B-BC8B-4A32-9AF7-9FC860E497D3}.Release|Any CPU.Build.0 = Release|Any CPU
	EndGlobalSection
	GlobalSection(SolutionProperties) = preSolution
		HideSolutionNode = FALSE
	EndGlobalSection
	GlobalSection(NestedProjects) = preSolution
		{3A95092D-0663-4692-966E-F3ABB45F3A73} = {1F548A75-B071-49BF-A67A-F9A2499C991F}
		{7EA00BF5-C483-4FF6-978A-FCA186E8CFAB} = {1F548A75-B071-49BF-A67A-F9A2499C991F}
		{B5984215-22E0-4F7A-855F-3A3A8299B933} = {1F548A75-B071-49BF-A67A-F9A2499C991F}
		{A7642886-DE01-4CA4-9A04-6B1841A2E705} = {3A95092D-0663-4692-966E-F3ABB45F3A73}
		{FF6085A7-F15C-43DC-A26C-BE71D73C4F12} = {B5984215-22E0-4F7A-855F-3A3A8299B933}
		{E8D1E6AB-8FB6-4859-93B5-713AFB49D554} = {B5984215-22E0-4F7A-855F-3A3A8299B933}
		{3F1B3FFE-C03E-47A6-8419-E12726C11308} = {B5984215-22E0-4F7A-855F-3A3A8299B933}
		{F9228FC9-ECC3-4759-9E35-9865057F8D3D} = {7EA00BF5-C483-4FF6-978A-FCA186E8CFAB}
		{E1304C76-063F-4017-AC18-8FFFADF5F00F} = {7EA00BF5-C483-4FF6-978A-FCA186E8CFAB}
		{9FB03017-7E9E-44B3-B060-0749849F7DBB} = {3A95092D-0663-4692-966E-F3ABB45F3A73}
		{34254ACC-F974-4282-825C-0E8F3B41F9A7} = {1F548A75-B071-49BF-A67A-F9A2499C991F}
		{DA1625AC-FD54-487A-86D6-BF995F0E1F92} = {34254ACC-F974-4282-825C-0E8F3B41F9A7}
		{B640E769-95EA-4E04-84DF-BC63BC9F9189} = {1F548A75-B071-49BF-A67A-F9A2499C991F}
		{7C64EB1B-BC8B-4A32-9AF7-9FC860E497D3} = {B640E769-95EA-4E04-84DF-BC63BC9F9189}
	EndGlobalSection
	GlobalSection(ExtensibilityGlobals) = postSolution
		SolutionGuid = {61B6746F-6C4C-49A1-8F79-E604DE1F3F85}
	EndGlobalSection
EndGlobal
